PODS:
  - Flutter (1.0.0)
  - flutter_screen_brightness (0.0.1):
    - Flutter

DEPENDENCIES:
  - Flutter (from `Flutter`)
  - flutter_screen_brightness (from `.symlinks/plugins/flutter_screen_brightness/ios`)

EXTERNAL SOURCES:
  Flutter:
    :path: Flutter
  flutter_screen_brightness:
    :path: ".symlinks/plugins/flutter_screen_brightness/ios"

SPEC CHECKSUMS:
  Flutter: 0e3d915762c693b495b44d77113d4970485de6ec
  flutter_screen_brightness: a366f7d49fed49ba65578658abdcb60f6e21e782

PODFILE CHECKSUM: 1b66dae606f75376c5f2135a8290850eeb09ae83

COCOAPODS: 1.8.4
